// !$*UTF8*$!
{
	archiveVersion = 1;
	classes = {
	};
	objectVersion = 48;
	objects = {

/* Begin PBXBuildFile section */
		1405D6612059C7D000A8B0CA /* TrailerInfo.swift in Sources */ = {isa = PBXBuildFile; fileRef = 1405D6602059C7D000A8B0CA /* TrailerInfo.swift */; };
		B11138FE206CD306009D45ED /* TitleView.swift in Sources */ = {isa = PBXBuildFile; fileRef = B11138FD206CD306009D45ED /* TitleView.swift */; };
		B1113900206CD337009D45ED /* TitleView.xib in Resources */ = {isa = PBXBuildFile; fileRef = B11138FF206CD337009D45ED /* TitleView.xib */; };
		B12DA933206E9A2700481787 /* InitialViewScreen.swift in Sources */ = {isa = PBXBuildFile; fileRef = B12DA932206E9A2700481787 /* InitialViewScreen.swift */; };
		B146C173206139E400BAF474 /* TractorFilterViewController.swift in Sources */ = {isa = PBXBuildFile; fileRef = B146C172206139E400BAF474 /* TractorFilterViewController.swift */; };
		B16D11F42073F2CA00769329 /* USState.plist in Resources */ = {isa = PBXBuildFile; fileRef = B16D11F32073F2CA00769329 /* USState.plist */; };
		B18B3CB320722FA2002C241D /* SlideViewCell.swift in Sources */ = {isa = PBXBuildFile; fileRef = B18B3CB220722FA2002C241D /* SlideViewCell.swift */; };
		B19CAE54205A544B00090F10 /* MapView.xib in Resources */ = {isa = PBXBuildFile; fileRef = B19CAE53205A544B00090F10 /* MapView.xib */; };
		B19CAE56205AA38B00090F10 /* TractorTableCell.xib in Resources */ = {isa = PBXBuildFile; fileRef = B19CAE55205AA38B00090F10 /* TractorTableCell.xib */; };
		B1A3F84520737A4F00A9D83B /* RegisterViewController.swift in Sources */ = {isa = PBXBuildFile; fileRef = B1A3F84420737A4F00A9D83B /* RegisterViewController.swift */; };
		B1A3F851207385D600A9D83B /* RegDataValidation.plist in Resources */ = {isa = PBXBuildFile; fileRef = B1A3F850207385D600A9D83B /* RegDataValidation.plist */; };
		B1A875592074E7D300FE11A5 /* UserType.plist in Resources */ = {isa = PBXBuildFile; fileRef = B1A875582074E7D300FE11A5 /* UserType.plist */; };
		B1A8755B2074E86100FE11A5 /* CarrierNumberType.plist in Resources */ = {isa = PBXBuildFile; fileRef = B1A8755A2074E86100FE11A5 /* CarrierNumberType.plist */; };
		B1D25656205FDBFB0089D055 /* Pods_UnitedVision.framework in Frameworks */ = {isa = PBXBuildFile; fileRef = B1D25657205FDBFB0089D055 /* Pods_UnitedVision.framework */; };
		B1D265B7206FB73B00CC3B73 /* InitialViewScreen.xib in Resources */ = {isa = PBXBuildFile; fileRef = B1D265B6206FB73B00CC3B73 /* InitialViewScreen.xib */; };
		B1DA02012080CA5700143B80 /* PopOverViewController.swift in Sources */ = {isa = PBXBuildFile; fileRef = B1DA02002080CA5700143B80 /* PopOverViewController.swift */; };
		B1EA42B9207F6FFD001147E9 /* TerminalTableCell.xib in Resources */ = {isa = PBXBuildFile; fileRef = B1EA42B8207F6FFD001147E9 /* TerminalTableCell.xib */; };
		B1EA42BB207F7304001147E9 /* TerminalTableCell.swift in Sources */ = {isa = PBXBuildFile; fileRef = B1EA42BA207F7304001147E9 /* TerminalTableCell.swift */; };
		BA44A0E8202DF91200DE6130 /* Main.storyboard in Resources */ = {isa = PBXBuildFile; fileRef = BA44A0E6202DF91200DE6130 /* Main.storyboard */; };
		BA44A0EA202DF91200DE6130 /* Assets.xcassets in Resources */ = {isa = PBXBuildFile; fileRef = BA44A0E9202DF91200DE6130 /* Assets.xcassets */; };
		BA44A0ED202DF91200DE6130 /* LaunchScreen.storyboard in Resources */ = {isa = PBXBuildFile; fileRef = BA44A0EB202DF91200DE6130 /* LaunchScreen.storyboard */; };
		BA44A115202DF96E00DE6130 /* location.json in Resources */ = {isa = PBXBuildFile; fileRef = BA44A0F5202DF96D00DE6130 /* location.json */; };
		BA44A116202DF96E00DE6130 /* tractor.json in Resources */ = {isa = PBXBuildFile; fileRef = BA44A0F6202DF96D00DE6130 /* tractor.json */; };
		BA44A117202DF96E00DE6130 /* AppDelegate.swift in Sources */ = {isa = PBXBuildFile; fileRef = BA44A0FA202DF96E00DE6130 /* AppDelegate.swift */; };
		BA44A118202DF96E00DE6130 /* Defines.swift in Sources */ = {isa = PBXBuildFile; fileRef = BA44A0FB202DF96E00DE6130 /* Defines.swift */; };
		BA44A119202DF96E00DE6130 /* AccordionTableCell.swift in Sources */ = {isa = PBXBuildFile; fileRef = BA44A100202DF96E00DE6130 /* AccordionTableCell.swift */; };
		BA44A11A202DF96E00DE6130 /* LoadingView.swift in Sources */ = {isa = PBXBuildFile; fileRef = BA44A101202DF96E00DE6130 /* LoadingView.swift */; };
		BA44A11B202DF96E00DE6130 /* DataManager.swift in Sources */ = {isa = PBXBuildFile; fileRef = BA44A103202DF96E00DE6130 /* DataManager.swift */; };
		BA44A11C202DF96E00DE6130 /* LocationManager.swift in Sources */ = {isa = PBXBuildFile; fileRef = BA44A104202DF96E00DE6130 /* LocationManager.swift */; };
		BA44A11D202DF96E00DE6130 /* LocationInfo.swift in Sources */ = {isa = PBXBuildFile; fileRef = BA44A106202DF96E00DE6130 /* LocationInfo.swift */; };
		BA44A11E202DF96E00DE6130 /* TractorInfo.swift in Sources */ = {isa = PBXBuildFile; fileRef = BA44A107202DF96E00DE6130 /* TractorInfo.swift */; };
		BA44A11F202DF96E00DE6130 /* WebServiceManager.swift in Sources */ = {isa = PBXBuildFile; fileRef = BA44A108202DF96E00DE6130 /* WebServiceManager.swift */; };
		BA44A120202DF96E00DE6130 /* UIUtils.swift in Sources */ = {isa = PBXBuildFile; fileRef = BA44A10C202DF96E00DE6130 /* UIUtils.swift */; };
		BA44A121202DF96E00DE6130 /* BaseViewController.swift in Sources */ = {isa = PBXBuildFile; fileRef = BA44A10E202DF96E00DE6130 /* BaseViewController.swift */; };
		BA44A123202DF96E00DE6130 /* TractorViewController.swift in Sources */ = {isa = PBXBuildFile; fileRef = BA44A110202DF96E00DE6130 /* TractorViewController.swift */; };
		BA44A124202DF96E00DE6130 /* LoginViewController.swift in Sources */ = {isa = PBXBuildFile; fileRef = BA44A111202DF96E00DE6130 /* LoginViewController.swift */; };
		BA44A125202DF96E00DE6130 /* TerminalSearchViewController.swift in Sources */ = {isa = PBXBuildFile; fileRef = BA44A112202DF96E00DE6130 /* TerminalSearchViewController.swift */; };
		BA44A126202DF96E00DE6130 /* HomeViewController.swift in Sources */ = {isa = PBXBuildFile; fileRef = BA44A113202DF96E00DE6130 /* HomeViewController.swift */; };
		BA44A127202DF96E00DE6130 /* TerminalDetailViewController.swift in Sources */ = {isa = PBXBuildFile; fileRef = BA44A114202DF96E00DE6130 /* TerminalDetailViewController.swift */; };
		BA4D87992046FB7A00FC78CA /* UISegmentedControl.swift in Sources */ = {isa = PBXBuildFile; fileRef = BA4D87982046FB7A00FC78CA /* UISegmentedControl.swift */; };
		BA4D879B204BBEA600FC78CA /* TractorTableCell.swift in Sources */ = {isa = PBXBuildFile; fileRef = BA4D879A204BBEA600FC78CA /* TractorTableCell.swift */; };
		BA4D879F204D1CD700FC78CA /* AccordionHeaderView.swift in Sources */ = {isa = PBXBuildFile; fileRef = BA4D879E204D1CD700FC78CA /* AccordionHeaderView.swift */; };
		BA4D87A1204D1D0100FC78CA /* AccordionHeaderView.xib in Resources */ = {isa = PBXBuildFile; fileRef = BA4D87A0204D1D0100FC78CA /* AccordionHeaderView.xib */; };
		BA4D87A5204D40FE00FC78CA /* CardView.swift in Sources */ = {isa = PBXBuildFile; fileRef = BA4D87A4204D40FE00FC78CA /* CardView.swift */; };
		BA5CE6042036E7BF00B14DB6 /* SideMenuViewController.swift in Sources */ = {isa = PBXBuildFile; fileRef = BA5CE6032036E7BF00B14DB6 /* SideMenuViewController.swift */; };
		BA5CE6072036EBBF00B14DB6 /* UIViewController.swift in Sources */ = {isa = PBXBuildFile; fileRef = BA5CE6062036EBBF00B14DB6 /* UIViewController.swift */; };
		BA5CE6092036EF3C00B14DB6 /* SideMenuTableCell.swift in Sources */ = {isa = PBXBuildFile; fileRef = BA5CE6082036EF3C00B14DB6 /* SideMenuTableCell.swift */; };
		BA5CE60D203AF8E400B14DB6 /* iCarousel.m in Sources */ = {isa = PBXBuildFile; fileRef = BA5CE60C203AF8E400B14DB6 /* iCarousel.m */; };
		BA5CE618203C282A00B14DB6 /* String.swift in Sources */ = {isa = PBXBuildFile; fileRef = BA5CE617203C282A00B14DB6 /* String.swift */; };
		BA5CE61A203D7E5000B14DB6 /* AutocompleteTableCell.swift in Sources */ = {isa = PBXBuildFile; fileRef = BA5CE619203D7E5000B14DB6 /* AutocompleteTableCell.swift */; };
		BA84A37D204D6066004E1410 /* FilterPopupViewController.swift in Sources */ = {isa = PBXBuildFile; fileRef = BA84A37C204D6066004E1410 /* FilterPopupViewController.swift */; };
		BA84A37F204D6540004E1410 /* MapView.swift in Sources */ = {isa = PBXBuildFile; fileRef = BA84A37E204D6540004E1410 /* MapView.swift */; };
		BA84A381204D6664004E1410 /* CheckboxTableCell.swift in Sources */ = {isa = PBXBuildFile; fileRef = BA84A380204D6664004E1410 /* CheckboxTableCell.swift */; };
		BA84A383204E752B004E1410 /* AutocompleteTableCell.xib in Resources */ = {isa = PBXBuildFile; fileRef = BA84A382204E752B004E1410 /* AutocompleteTableCell.xib */; };
		BA84A385204E916B004E1410 /* AppPrefData.swift in Sources */ = {isa = PBXBuildFile; fileRef = BA84A384204E916B004E1410 /* AppPrefData.swift */; };
		BA84A387204E99C4004E1410 /* TractorSearchInfo.swift in Sources */ = {isa = PBXBuildFile; fileRef = BA84A386204E99C4004E1410 /* TractorSearchInfo.swift */; };
		BA84A38920518C3B004E1410 /* ContactViewController.swift in Sources */ = {isa = PBXBuildFile; fileRef = BA84A38820518C3B004E1410 /* ContactViewController.swift */; };
		BA84A38B20518F2E004E1410 /* ContactTableCell.swift in Sources */ = {isa = PBXBuildFile; fileRef = BA84A38A20518F2E004E1410 /* ContactTableCell.swift */; };
		BA84A3952052D5F0004E1410 /* ContactInfo.swift in Sources */ = {isa = PBXBuildFile; fileRef = BA84A3942052D5F0004E1410 /* ContactInfo.swift */; };
		BA84A3972052F9B5004E1410 /* FilterSearchViewController.swift in Sources */ = {isa = PBXBuildFile; fileRef = BA84A3962052F9B5004E1410 /* FilterSearchViewController.swift */; };
		BA84A3992053AADC004E1410 /* TractorFilter.plist in Resources */ = {isa = PBXBuildFile; fileRef = BA84A3982053AADC004E1410 /* TractorFilter.plist */; };
/* End PBXBuildFile section */

/* Begin PBXFileReference section */
		1405D6602059C7D000A8B0CA /* TrailerInfo.swift */ = {isa = PBXFileReference; fileEncoding = 4; lastKnownFileType = sourcecode.swift; path = TrailerInfo.swift; sourceTree = "<group>"; };
		231F842DF1EE3AC446A128CE /* Pods-UnitedVision.debug.xcconfig */ = {isa = PBXFileReference; includeInIndex = 1; lastKnownFileType = text.xcconfig; name = "Pods-UnitedVision.debug.xcconfig"; path = "Pods/Target Support Files/Pods-UnitedVision/Pods-UnitedVision.debug.xcconfig"; sourceTree = "<group>"; };
		B11138FD206CD306009D45ED /* TitleView.swift */ = {isa = PBXFileReference; lastKnownFileType = sourcecode.swift; path = TitleView.swift; sourceTree = "<group>"; };
		B11138FF206CD337009D45ED /* TitleView.xib */ = {isa = PBXFileReference; lastKnownFileType = file.xib; path = TitleView.xib; sourceTree = "<group>"; };
		B12DA932206E9A2700481787 /* InitialViewScreen.swift */ = {isa = PBXFileReference; lastKnownFileType = sourcecode.swift; path = InitialViewScreen.swift; sourceTree = "<group>"; };
		B146C172206139E400BAF474 /* TractorFilterViewController.swift */ = {isa = PBXFileReference; lastKnownFileType = sourcecode.swift; path = TractorFilterViewController.swift; sourceTree = "<group>"; };
		B16D11F32073F2CA00769329 /* USState.plist */ = {isa = PBXFileReference; lastKnownFileType = text.plist.xml; path = USState.plist; sourceTree = "<group>"; };
		B18B3CB220722FA2002C241D /* SlideViewCell.swift */ = {isa = PBXFileReference; lastKnownFileType = sourcecode.swift; path = SlideViewCell.swift; sourceTree = "<group>"; };
		B19CAE53205A544B00090F10 /* MapView.xib */ = {isa = PBXFileReference; fileEncoding = 4; lastKnownFileType = file.xib; path = MapView.xib; sourceTree = "<group>"; };
		B19CAE55205AA38B00090F10 /* TractorTableCell.xib */ = {isa = PBXFileReference; lastKnownFileType = file.xib; path = TractorTableCell.xib; sourceTree = "<group>"; };
		B1A3F84420737A4F00A9D83B /* RegisterViewController.swift */ = {isa = PBXFileReference; lastKnownFileType = sourcecode.swift; path = RegisterViewController.swift; sourceTree = "<group>"; };
		B1A3F850207385D600A9D83B /* RegDataValidation.plist */ = {isa = PBXFileReference; fileEncoding = 4; lastKnownFileType = text.plist.xml; path = RegDataValidation.plist; sourceTree = "<group>"; };
		B1A875582074E7D300FE11A5 /* UserType.plist */ = {isa = PBXFileReference; lastKnownFileType = text.plist.xml; path = UserType.plist; sourceTree = "<group>"; };
		B1A8755A2074E86100FE11A5 /* CarrierNumberType.plist */ = {isa = PBXFileReference; lastKnownFileType = text.plist.xml; path = CarrierNumberType.plist; sourceTree = "<group>"; };
		B1D2564E205FD41C0089D055 /* Accelerate.framework */ = {isa = PBXFileReference; lastKnownFileType = wrapper.framework; name = Accelerate.framework; path = System/Library/Frameworks/Accelerate.framework; sourceTree = SDKROOT; };
		B1D25651205FDB260089D055 /* Pods_UnitedVision.framework */ = {isa = PBXFileReference; explicitFileType = wrapper.framework; path = Pods_UnitedVision.framework; sourceTree = BUILT_PRODUCTS_DIR; };
		B1D25657205FDBFB0089D055 /* Pods_UnitedVision.framework */ = {isa = PBXFileReference; explicitFileType = wrapper.framework; path = Pods_UnitedVision.framework; sourceTree = BUILT_PRODUCTS_DIR; };
		B1D265B6206FB73B00CC3B73 /* InitialViewScreen.xib */ = {isa = PBXFileReference; fileEncoding = 4; lastKnownFileType = file.xib; path = InitialViewScreen.xib; sourceTree = "<group>"; };
		B1DA02002080CA5700143B80 /* PopOverViewController.swift */ = {isa = PBXFileReference; lastKnownFileType = sourcecode.swift; path = PopOverViewController.swift; sourceTree = "<group>"; };
		B1EA42B8207F6FFD001147E9 /* TerminalTableCell.xib */ = {isa = PBXFileReference; lastKnownFileType = file.xib; path = TerminalTableCell.xib; sourceTree = "<group>"; };
		B1EA42BA207F7304001147E9 /* TerminalTableCell.swift */ = {isa = PBXFileReference; lastKnownFileType = sourcecode.swift; path = TerminalTableCell.swift; sourceTree = "<group>"; };
		B32E5ADD18A8E0C9A7676579 /* Pods-UnitedVision.release.xcconfig */ = {isa = PBXFileReference; includeInIndex = 1; lastKnownFileType = text.xcconfig; name = "Pods-UnitedVision.release.xcconfig"; path = "Pods/Target Support Files/Pods-UnitedVision/Pods-UnitedVision.release.xcconfig"; sourceTree = "<group>"; };
		BA44A0DF202DF91200DE6130 /* UnitedVision.app */ = {isa = PBXFileReference; explicitFileType = wrapper.application; includeInIndex = 0; path = UnitedVision.app; sourceTree = BUILT_PRODUCTS_DIR; };
		BA44A0E7202DF91200DE6130 /* Base */ = {isa = PBXFileReference; lastKnownFileType = file.storyboard; name = Base; path = Base.lproj/Main.storyboard; sourceTree = "<group>"; };
		BA44A0E9202DF91200DE6130 /* Assets.xcassets */ = {isa = PBXFileReference; lastKnownFileType = folder.assetcatalog; path = Assets.xcassets; sourceTree = "<group>"; };
		BA44A0EC202DF91200DE6130 /* Base */ = {isa = PBXFileReference; lastKnownFileType = file.storyboard; name = Base; path = Base.lproj/LaunchScreen.storyboard; sourceTree = "<group>"; };
		BA44A0EE202DF91200DE6130 /* Info.plist */ = {isa = PBXFileReference; lastKnownFileType = text.plist.xml; path = Info.plist; sourceTree = "<group>"; };
		BA44A0F5202DF96D00DE6130 /* location.json */ = {isa = PBXFileReference; fileEncoding = 4; lastKnownFileType = text.json; path = location.json; sourceTree = "<group>"; };
		BA44A0F6202DF96D00DE6130 /* tractor.json */ = {isa = PBXFileReference; fileEncoding = 4; lastKnownFileType = text.json; path = tractor.json; sourceTree = "<group>"; };
		BA44A0FA202DF96E00DE6130 /* AppDelegate.swift */ = {isa = PBXFileReference; fileEncoding = 4; lastKnownFileType = sourcecode.swift; path = AppDelegate.swift; sourceTree = "<group>"; };
		BA44A0FB202DF96E00DE6130 /* Defines.swift */ = {isa = PBXFileReference; fileEncoding = 4; lastKnownFileType = sourcecode.swift; path = Defines.swift; sourceTree = "<group>"; };
		BA44A100202DF96E00DE6130 /* AccordionTableCell.swift */ = {isa = PBXFileReference; fileEncoding = 4; lastKnownFileType = sourcecode.swift; path = AccordionTableCell.swift; sourceTree = "<group>"; };
		BA44A101202DF96E00DE6130 /* LoadingView.swift */ = {isa = PBXFileReference; fileEncoding = 4; lastKnownFileType = sourcecode.swift; path = LoadingView.swift; sourceTree = "<group>"; };
		BA44A103202DF96E00DE6130 /* DataManager.swift */ = {isa = PBXFileReference; fileEncoding = 4; lastKnownFileType = sourcecode.swift; path = DataManager.swift; sourceTree = "<group>"; };
		BA44A104202DF96E00DE6130 /* LocationManager.swift */ = {isa = PBXFileReference; fileEncoding = 4; lastKnownFileType = sourcecode.swift; path = LocationManager.swift; sourceTree = "<group>"; };
		BA44A106202DF96E00DE6130 /* LocationInfo.swift */ = {isa = PBXFileReference; fileEncoding = 4; lastKnownFileType = sourcecode.swift; path = LocationInfo.swift; sourceTree = "<group>"; };
		BA44A107202DF96E00DE6130 /* TractorInfo.swift */ = {isa = PBXFileReference; fileEncoding = 4; lastKnownFileType = sourcecode.swift; path = TractorInfo.swift; sourceTree = "<group>"; };
		BA44A108202DF96E00DE6130 /* WebServiceManager.swift */ = {isa = PBXFileReference; fileEncoding = 4; lastKnownFileType = sourcecode.swift; path = WebServiceManager.swift; sourceTree = "<group>"; };
		BA44A10C202DF96E00DE6130 /* UIUtils.swift */ = {isa = PBXFileReference; fileEncoding = 4; lastKnownFileType = sourcecode.swift; path = UIUtils.swift; sourceTree = "<group>"; };
		BA44A10E202DF96E00DE6130 /* BaseViewController.swift */ = {isa = PBXFileReference; fileEncoding = 4; lastKnownFileType = sourcecode.swift; path = BaseViewController.swift; sourceTree = "<group>"; };
		BA44A110202DF96E00DE6130 /* TractorViewController.swift */ = {isa = PBXFileReference; fileEncoding = 4; lastKnownFileType = sourcecode.swift; path = TractorViewController.swift; sourceTree = "<group>"; };
		BA44A111202DF96E00DE6130 /* LoginViewController.swift */ = {isa = PBXFileReference; fileEncoding = 4; lastKnownFileType = sourcecode.swift; path = LoginViewController.swift; sourceTree = "<group>"; };
		BA44A112202DF96E00DE6130 /* TerminalSearchViewController.swift */ = {isa = PBXFileReference; fileEncoding = 4; lastKnownFileType = sourcecode.swift; path = TerminalSearchViewController.swift; sourceTree = "<group>"; };
		BA44A113202DF96E00DE6130 /* HomeViewController.swift */ = {isa = PBXFileReference; fileEncoding = 4; lastKnownFileType = sourcecode.swift; path = HomeViewController.swift; sourceTree = "<group>"; };
		BA44A114202DF96E00DE6130 /* TerminalDetailViewController.swift */ = {isa = PBXFileReference; fileEncoding = 4; lastKnownFileType = sourcecode.swift; path = TerminalDetailViewController.swift; sourceTree = "<group>"; };
		BA4D87982046FB7A00FC78CA /* UISegmentedControl.swift */ = {isa = PBXFileReference; lastKnownFileType = sourcecode.swift; path = UISegmentedControl.swift; sourceTree = "<group>"; };
		BA4D879A204BBEA600FC78CA /* TractorTableCell.swift */ = {isa = PBXFileReference; lastKnownFileType = sourcecode.swift; path = TractorTableCell.swift; sourceTree = "<group>"; };
		BA4D879E204D1CD700FC78CA /* AccordionHeaderView.swift */ = {isa = PBXFileReference; lastKnownFileType = sourcecode.swift; path = AccordionHeaderView.swift; sourceTree = "<group>"; };
		BA4D87A0204D1D0100FC78CA /* AccordionHeaderView.xib */ = {isa = PBXFileReference; fileEncoding = 4; lastKnownFileType = file.xib; path = AccordionHeaderView.xib; sourceTree = "<group>"; };
		BA4D87A4204D40FE00FC78CA /* CardView.swift */ = {isa = PBXFileReference; fileEncoding = 4; lastKnownFileType = sourcecode.swift; path = CardView.swift; sourceTree = "<group>"; };
		BA5CE6032036E7BF00B14DB6 /* SideMenuViewController.swift */ = {isa = PBXFileReference; lastKnownFileType = sourcecode.swift; path = SideMenuViewController.swift; sourceTree = "<group>"; };
		BA5CE6062036EBBF00B14DB6 /* UIViewController.swift */ = {isa = PBXFileReference; fileEncoding = 4; lastKnownFileType = sourcecode.swift; path = UIViewController.swift; sourceTree = "<group>"; };
		BA5CE6082036EF3C00B14DB6 /* SideMenuTableCell.swift */ = {isa = PBXFileReference; lastKnownFileType = sourcecode.swift; path = SideMenuTableCell.swift; sourceTree = "<group>"; };
		BA5CE60B203AF8E400B14DB6 /* iCarousel.h */ = {isa = PBXFileReference; fileEncoding = 4; lastKnownFileType = sourcecode.c.h; path = iCarousel.h; sourceTree = "<group>"; };
		BA5CE60C203AF8E400B14DB6 /* iCarousel.m */ = {isa = PBXFileReference; fileEncoding = 4; lastKnownFileType = sourcecode.c.objc; path = iCarousel.m; sourceTree = "<group>"; };
		BA5CE614203AFA8D00B14DB6 /* UnitedVision-Bridging-Header.h */ = {isa = PBXFileReference; lastKnownFileType = sourcecode.c.h; path = "UnitedVision-Bridging-Header.h"; sourceTree = "<group>"; };
		BA5CE617203C282A00B14DB6 /* String.swift */ = {isa = PBXFileReference; lastKnownFileType = sourcecode.swift; path = String.swift; sourceTree = "<group>"; };
		BA5CE619203D7E5000B14DB6 /* AutocompleteTableCell.swift */ = {isa = PBXFileReference; lastKnownFileType = sourcecode.swift; path = AutocompleteTableCell.swift; sourceTree = "<group>"; };
		BA84A37C204D6066004E1410 /* FilterPopupViewController.swift */ = {isa = PBXFileReference; lastKnownFileType = sourcecode.swift; path = FilterPopupViewController.swift; sourceTree = "<group>"; };
		BA84A37E204D6540004E1410 /* MapView.swift */ = {isa = PBXFileReference; lastKnownFileType = sourcecode.swift; path = MapView.swift; sourceTree = "<group>"; };
		BA84A380204D6664004E1410 /* CheckboxTableCell.swift */ = {isa = PBXFileReference; lastKnownFileType = sourcecode.swift; path = CheckboxTableCell.swift; sourceTree = "<group>"; };
		BA84A382204E752B004E1410 /* AutocompleteTableCell.xib */ = {isa = PBXFileReference; lastKnownFileType = file.xib; path = AutocompleteTableCell.xib; sourceTree = "<group>"; };
		BA84A384204E916B004E1410 /* AppPrefData.swift */ = {isa = PBXFileReference; lastKnownFileType = sourcecode.swift; path = AppPrefData.swift; sourceTree = "<group>"; };
		BA84A386204E99C4004E1410 /* TractorSearchInfo.swift */ = {isa = PBXFileReference; lastKnownFileType = sourcecode.swift; path = TractorSearchInfo.swift; sourceTree = "<group>"; };
		BA84A38820518C3B004E1410 /* ContactViewController.swift */ = {isa = PBXFileReference; lastKnownFileType = sourcecode.swift; path = ContactViewController.swift; sourceTree = "<group>"; };
		BA84A38A20518F2E004E1410 /* ContactTableCell.swift */ = {isa = PBXFileReference; lastKnownFileType = sourcecode.swift; path = ContactTableCell.swift; sourceTree = "<group>"; };
		BA84A3942052D5F0004E1410 /* ContactInfo.swift */ = {isa = PBXFileReference; lastKnownFileType = sourcecode.swift; path = ContactInfo.swift; sourceTree = "<group>"; };
		BA84A3962052F9B5004E1410 /* FilterSearchViewController.swift */ = {isa = PBXFileReference; lastKnownFileType = sourcecode.swift; path = FilterSearchViewController.swift; sourceTree = "<group>"; };
		BA84A3982053AADC004E1410 /* TractorFilter.plist */ = {isa = PBXFileReference; lastKnownFileType = text.plist.xml; path = TractorFilter.plist; sourceTree = "<group>"; };
		E057C3EAB43E766E8136BF1E /* Pods_UnitedVision.framework */ = {isa = PBXFileReference; explicitFileType = wrapper.framework; includeInIndex = 0; path = Pods_UnitedVision.framework; sourceTree = BUILT_PRODUCTS_DIR; };
/* End PBXFileReference section */

/* Begin PBXFrameworksBuildPhase section */
		BA44A0DC202DF91200DE6130 /* Frameworks */ = {
			isa = PBXFrameworksBuildPhase;
			buildActionMask = 2147483647;
			files = (
				B1D25656205FDBFB0089D055 /* Pods_UnitedVision.framework in Frameworks */,
			);
			runOnlyForDeploymentPostprocessing = 0;
		};
/* End PBXFrameworksBuildPhase section */

/* Begin PBXGroup section */
		09DABA3F2D9395D8D6FDCC43 /* Pods */ = {
			isa = PBXGroup;
			children = (
				231F842DF1EE3AC446A128CE /* Pods-UnitedVision.debug.xcconfig */,
				B32E5ADD18A8E0C9A7676579 /* Pods-UnitedVision.release.xcconfig */,
			);
			name = Pods;
			sourceTree = "<group>";
		};
		9D8F54E81A3BB5AFF971D2A9 /* Frameworks */ = {
			isa = PBXGroup;
			children = (
				B1D25657205FDBFB0089D055 /* Pods_UnitedVision.framework */,
				B1D25651205FDB260089D055 /* Pods_UnitedVision.framework */,
				B1D2564E205FD41C0089D055 /* Accelerate.framework */,
				E057C3EAB43E766E8136BF1E /* Pods_UnitedVision.framework */,
			);
			name = Frameworks;
			sourceTree = "<group>";
		};
		B11138FC206CD2F3009D45ED /* CustomTitleView */ = {
			isa = PBXGroup;
			children = (
				B11138FD206CD306009D45ED /* TitleView.swift */,
			);
			path = CustomTitleView;
			sourceTree = "<group>";
		};
		BA44A0D6202DF91200DE6130 = {
			isa = PBXGroup;
			children = (
				BA44A0E1202DF91200DE6130 /* UnitedVision */,
				BA44A0E0202DF91200DE6130 /* Products */,
				09DABA3F2D9395D8D6FDCC43 /* Pods */,
				9D8F54E81A3BB5AFF971D2A9 /* Frameworks */,
			);
			sourceTree = "<group>";
		};
		BA44A0E0202DF91200DE6130 /* Products */ = {
			isa = PBXGroup;
			children = (
				BA44A0DF202DF91200DE6130 /* UnitedVision.app */,
			);
			name = Products;
			sourceTree = "<group>";
		};
		BA44A0E1202DF91200DE6130 /* UnitedVision */ = {
			isa = PBXGroup;
			children = (
				BA44A0F8202DF96E00DE6130 /* Classes */,
				BA44A0F4202DF96D00DE6130 /* Resources */,
				BA44A0E6202DF91200DE6130 /* Main.storyboard */,
				BA44A0E9202DF91200DE6130 /* Assets.xcassets */,
				BA44A0EB202DF91200DE6130 /* LaunchScreen.storyboard */,
				BA44A0EE202DF91200DE6130 /* Info.plist */,
			);
			path = UnitedVision;
			sourceTree = "<group>";
		};
		BA44A0F4202DF96D00DE6130 /* Resources */ = {
			isa = PBXGroup;
			children = (
				BA44A0F5202DF96D00DE6130 /* location.json */,
				BA44A0F6202DF96D00DE6130 /* tractor.json */,
				BA44A0F7202DF96D00DE6130 /* Xibs */,
				BA84A3982053AADC004E1410 /* TractorFilter.plist */,
				B1A3F850207385D600A9D83B /* RegDataValidation.plist */,
				B16D11F32073F2CA00769329 /* USState.plist */,
				B1A875582074E7D300FE11A5 /* UserType.plist */,
				B1A8755A2074E86100FE11A5 /* CarrierNumberType.plist */,
			);
			path = Resources;
			sourceTree = "<group>";
		};
		BA44A0F7202DF96D00DE6130 /* Xibs */ = {
			isa = PBXGroup;
			children = (
				B1D265B6206FB73B00CC3B73 /* InitialViewScreen.xib */,
				B19CAE53205A544B00090F10 /* MapView.xib */,
				BA4D87A0204D1D0100FC78CA /* AccordionHeaderView.xib */,
				BA84A382204E752B004E1410 /* AutocompleteTableCell.xib */,
				B19CAE55205AA38B00090F10 /* TractorTableCell.xib */,
				B11138FF206CD337009D45ED /* TitleView.xib */,
				B1EA42B8207F6FFD001147E9 /* TerminalTableCell.xib */,
			);
			path = Xibs;
			sourceTree = "<group>";
		};
		BA44A0F8202DF96E00DE6130 /* Classes */ = {
			isa = PBXGroup;
			children = (
				BA44A0F9202DF96E00DE6130 /* AppDelegate */,
				BA44A0FC202DF96E00DE6130 /* CustomView */,
				BA44A102202DF96E00DE6130 /* DataManager */,
				BA44A109202DF96E00DE6130 /* Utility */,
				BA44A10D202DF96E00DE6130 /* ViewController */,
			);
			path = Classes;
			sourceTree = "<group>";
		};
		BA44A0F9202DF96E00DE6130 /* AppDelegate */ = {
			isa = PBXGroup;
			children = (
				BA44A0FA202DF96E00DE6130 /* AppDelegate.swift */,
				BA44A0FB202DF96E00DE6130 /* Defines.swift */,
				BA5CE614203AFA8D00B14DB6 /* UnitedVision-Bridging-Header.h */,
			);
			path = AppDelegate;
			sourceTree = "<group>";
		};
		BA44A0FC202DF96E00DE6130 /* CustomView */ = {
			isa = PBXGroup;
			children = (
				B11138FC206CD2F3009D45ED /* CustomTitleView */,
				BA44A0FD202DF96E00DE6130 /* CustomCollectionCell */,
				BA44A0FF202DF96E00DE6130 /* CustomTableCell */,
				BA44A101202DF96E00DE6130 /* LoadingView.swift */,
				BA4D879E204D1CD700FC78CA /* AccordionHeaderView.swift */,
				BA84A37E204D6540004E1410 /* MapView.swift */,
				B12DA932206E9A2700481787 /* InitialViewScreen.swift */,
			);
			path = CustomView;
			sourceTree = "<group>";
		};
		BA44A0FD202DF96E00DE6130 /* CustomCollectionCell */ = {
			isa = PBXGroup;
			children = (
				B18B3CB220722FA2002C241D /* SlideViewCell.swift */,
			);
			path = CustomCollectionCell;
			sourceTree = "<group>";
		};
		BA44A0FF202DF96E00DE6130 /* CustomTableCell */ = {
			isa = PBXGroup;
			children = (
				BA44A100202DF96E00DE6130 /* AccordionTableCell.swift */,
				BA5CE619203D7E5000B14DB6 /* AutocompleteTableCell.swift */,
				BA84A380204D6664004E1410 /* CheckboxTableCell.swift */,
				BA84A38A20518F2E004E1410 /* ContactTableCell.swift */,
				BA5CE6082036EF3C00B14DB6 /* SideMenuTableCell.swift */,
				BA4D879A204BBEA600FC78CA /* TractorTableCell.swift */,
				B1EA42BA207F7304001147E9 /* TerminalTableCell.swift */,
			);
			path = CustomTableCell;
			sourceTree = "<group>";
		};
		BA44A102202DF96E00DE6130 /* DataManager */ = {
			isa = PBXGroup;
			children = (
				BA44A103202DF96E00DE6130 /* DataManager.swift */,
				BA44A104202DF96E00DE6130 /* LocationManager.swift */,
				BA44A105202DF96E00DE6130 /* Model */,
				BA44A108202DF96E00DE6130 /* WebServiceManager.swift */,
				BA84A384204E916B004E1410 /* AppPrefData.swift */,
			);
			path = DataManager;
			sourceTree = "<group>";
		};
		BA44A105202DF96E00DE6130 /* Model */ = {
			isa = PBXGroup;
			children = (
				1405D6602059C7D000A8B0CA /* TrailerInfo.swift */,
				BA44A106202DF96E00DE6130 /* LocationInfo.swift */,
				BA44A107202DF96E00DE6130 /* TractorInfo.swift */,
				BA84A386204E99C4004E1410 /* TractorSearchInfo.swift */,
				BA84A3942052D5F0004E1410 /* ContactInfo.swift */,
			);
			path = Model;
			sourceTree = "<group>";
		};
		BA44A109202DF96E00DE6130 /* Utility */ = {
			isa = PBXGroup;
			children = (
				BA5CE60A203AF8E400B14DB6 /* iCarousel */,
				BA5CE6052036EBBF00B14DB6 /* Extension */,
				BA44A10B202DF96E00DE6130 /* Others */,
				BA44A10C202DF96E00DE6130 /* UIUtils.swift */,
			);
			path = Utility;
			sourceTree = "<group>";
		};
		BA44A10B202DF96E00DE6130 /* Others */ = {
			isa = PBXGroup;
			children = (
				BA4D87A4204D40FE00FC78CA /* CardView.swift */,
			);
			path = Others;
			sourceTree = "<group>";
		};
		BA44A10D202DF96E00DE6130 /* ViewController */ = {
			isa = PBXGroup;
			children = (
				BA44A10E202DF96E00DE6130 /* BaseViewController.swift */,
				BA44A110202DF96E00DE6130 /* TractorViewController.swift */,
				BA44A111202DF96E00DE6130 /* LoginViewController.swift */,
				BA44A112202DF96E00DE6130 /* TerminalSearchViewController.swift */,
				BA44A113202DF96E00DE6130 /* HomeViewController.swift */,
				BA44A114202DF96E00DE6130 /* TerminalDetailViewController.swift */,
				BA5CE6032036E7BF00B14DB6 /* SideMenuViewController.swift */,
				BA84A37C204D6066004E1410 /* FilterPopupViewController.swift */,
				BA84A38820518C3B004E1410 /* ContactViewController.swift */,
				BA84A3962052F9B5004E1410 /* FilterSearchViewController.swift */,
				B146C172206139E400BAF474 /* TractorFilterViewController.swift */,
				B1A3F84420737A4F00A9D83B /* RegisterViewController.swift */,
				B1DA02002080CA5700143B80 /* PopOverViewController.swift */,
			);
			path = ViewController;
			sourceTree = "<group>";
		};
		BA5CE6052036EBBF00B14DB6 /* Extension */ = {
			isa = PBXGroup;
			children = (
				BA5CE6062036EBBF00B14DB6 /* UIViewController.swift */,
				BA5CE617203C282A00B14DB6 /* String.swift */,
				BA4D87982046FB7A00FC78CA /* UISegmentedControl.swift */,
			);
			path = Extension;
			sourceTree = "<group>";
		};
		BA5CE60A203AF8E400B14DB6 /* iCarousel */ = {
			isa = PBXGroup;
			children = (
				BA5CE60B203AF8E400B14DB6 /* iCarousel.h */,
				BA5CE60C203AF8E400B14DB6 /* iCarousel.m */,
			);
			path = iCarousel;
			sourceTree = "<group>";
		};
/* End PBXGroup section */

/* Begin PBXNativeTarget section */
		BA44A0DE202DF91200DE6130 /* UnitedVision */ = {
			isa = PBXNativeTarget;
			buildConfigurationList = BA44A0F1202DF91200DE6130 /* Build configuration list for PBXNativeTarget "UnitedVision" */;
			buildPhases = (
				61BCF414773BD0D86C8799EA /* [CP] Check Pods Manifest.lock */,
				BA44A0DB202DF91200DE6130 /* Sources */,
				BA44A0DC202DF91200DE6130 /* Frameworks */,
				BA44A0DD202DF91200DE6130 /* Resources */,
				7DB23A7BEB56DCAB67B9EA42 /* [CP] Embed Pods Frameworks */,
				2122F2E4C1F4EDBF6DDB34B6 /* [CP] Copy Pods Resources */,
			);
			buildRules = (
			);
			dependencies = (
			);
			name = UnitedVision;
			productName = UnitedVision;
			productReference = BA44A0DF202DF91200DE6130 /* UnitedVision.app */;
			productType = "com.apple.product-type.application";
		};
/* End PBXNativeTarget section */

/* Begin PBXProject section */
		BA44A0D7202DF91200DE6130 /* Project object */ = {
			isa = PBXProject;
			attributes = {
				LastSwiftUpdateCheck = 0920;
				LastUpgradeCheck = 0920;
				ORGANIZATIONNAME = Agilink;
				TargetAttributes = {
					BA44A0DE202DF91200DE6130 = {
						CreatedOnToolsVersion = 9.2;
						ProvisioningStyle = Automatic;
					};
				};
			};
			buildConfigurationList = BA44A0DA202DF91200DE6130 /* Build configuration list for PBXProject "UnitedVision" */;
			compatibilityVersion = "Xcode 8.0";
			developmentRegion = en;
			hasScannedForEncodings = 0;
			knownRegions = (
				en,
				Base,
			);
			mainGroup = BA44A0D6202DF91200DE6130;
			productRefGroup = BA44A0E0202DF91200DE6130 /* Products */;
			projectDirPath = "";
			projectRoot = "";
			targets = (
				BA44A0DE202DF91200DE6130 /* UnitedVision */,
			);
		};
/* End PBXProject section */

/* Begin PBXResourcesBuildPhase section */
		BA44A0DD202DF91200DE6130 /* Resources */ = {
			isa = PBXResourcesBuildPhase;
			buildActionMask = 2147483647;
			files = (
				B19CAE56205AA38B00090F10 /* TractorTableCell.xib in Resources */,
				BA44A0ED202DF91200DE6130 /* LaunchScreen.storyboard in Resources */,
				B1A8755B2074E86100FE11A5 /* CarrierNumberType.plist in Resources */,
				BA44A116202DF96E00DE6130 /* tractor.json in Resources */,
				B1A3F851207385D600A9D83B /* RegDataValidation.plist in Resources */,
				B1D265B7206FB73B00CC3B73 /* InitialViewScreen.xib in Resources */,
				BA44A0EA202DF91200DE6130 /* Assets.xcassets in Resources */,
				BA84A383204E752B004E1410 /* AutocompleteTableCell.xib in Resources */,
				BA44A115202DF96E00DE6130 /* location.json in Resources */,
				B1A875592074E7D300FE11A5 /* UserType.plist in Resources */,
				BA4D87A1204D1D0100FC78CA /* AccordionHeaderView.xib in Resources */,
				BA84A3992053AADC004E1410 /* TractorFilter.plist in Resources */,
				BA44A0E8202DF91200DE6130 /* Main.storyboard in Resources */,
				B19CAE54205A544B00090F10 /* MapView.xib in Resources */,
				B1EA42B9207F6FFD001147E9 /* TerminalTableCell.xib in Resources */,
				B1113900206CD337009D45ED /* TitleView.xib in Resources */,
				B16D11F42073F2CA00769329 /* USState.plist in Resources */,
			);
			runOnlyForDeploymentPostprocessing = 0;
		};
/* End PBXResourcesBuildPhase section */

/* Begin PBXShellScriptBuildPhase section */
		2122F2E4C1F4EDBF6DDB34B6 /* [CP] Copy Pods Resources */ = {
			isa = PBXShellScriptBuildPhase;
			buildActionMask = 2147483647;
			files = (
			);
			inputPaths = (
				"${SRCROOT}/Pods/Target Support Files/Pods-UnitedVision/Pods-UnitedVision-resources.sh",
				"${PODS_ROOT}/GoogleMaps/Maps/Frameworks/GoogleMaps.framework/Resources/GoogleMaps.bundle",
				"${PODS_ROOT}/GooglePlaces/Frameworks/GooglePlaces.framework/Resources/GooglePlaces.bundle",
			);
			name = "[CP] Copy Pods Resources";
			outputPaths = (
				"${TARGET_BUILD_DIR}/${UNLOCALIZED_RESOURCES_FOLDER_PATH}/GoogleMaps.bundle",
				"${TARGET_BUILD_DIR}/${UNLOCALIZED_RESOURCES_FOLDER_PATH}/GooglePlaces.bundle",
			);
			runOnlyForDeploymentPostprocessing = 0;
			shellPath = /bin/sh;
			shellScript = "\"${SRCROOT}/Pods/Target Support Files/Pods-UnitedVision/Pods-UnitedVision-resources.sh\"\n";
			showEnvVarsInLog = 0;
		};
		61BCF414773BD0D86C8799EA /* [CP] Check Pods Manifest.lock */ = {
			isa = PBXShellScriptBuildPhase;
			buildActionMask = 2147483647;
			files = (
			);
			inputPaths = (
				"${PODS_PODFILE_DIR_PATH}/Podfile.lock",
				"${PODS_ROOT}/Manifest.lock",
			);
			name = "[CP] Check Pods Manifest.lock";
			outputPaths = (
				"$(DERIVED_FILE_DIR)/Pods-UnitedVision-checkManifestLockResult.txt",
			);
			runOnlyForDeploymentPostprocessing = 0;
			shellPath = /bin/sh;
			shellScript = "diff \"${PODS_PODFILE_DIR_PATH}/Podfile.lock\" \"${PODS_ROOT}/Manifest.lock\" > /dev/null\nif [ $? != 0 ] ; then\n    # print error to STDERR\n    echo \"error: The sandbox is not in sync with the Podfile.lock. Run 'pod install' or update your CocoaPods installation.\" >&2\n    exit 1\nfi\n# This output is used by Xcode 'outputs' to avoid re-running this script phase.\necho \"SUCCESS\" > \"${SCRIPT_OUTPUT_FILE_0}\"\n";
			showEnvVarsInLog = 0;
		};
		7DB23A7BEB56DCAB67B9EA42 /* [CP] Embed Pods Frameworks */ = {
			isa = PBXShellScriptBuildPhase;
			buildActionMask = 2147483647;
			files = (
			);
			inputPaths = (
				"${SRCROOT}/Pods/Target Support Files/Pods-UnitedVision/Pods-UnitedVision-frameworks.sh",
				"${BUILT_PRODUCTS_DIR}/FZAccordionTableView/FZAccordionTableView.framework",
				"${BUILT_PRODUCTS_DIR}/SlideMenuControllerSwift/SlideMenuControllerSwift.framework",
			);
			name = "[CP] Embed Pods Frameworks";
			outputPaths = (
				"${TARGET_BUILD_DIR}/${FRAMEWORKS_FOLDER_PATH}/FZAccordionTableView.framework",
				"${TARGET_BUILD_DIR}/${FRAMEWORKS_FOLDER_PATH}/SlideMenuControllerSwift.framework",
			);
			runOnlyForDeploymentPostprocessing = 0;
			shellPath = /bin/sh;
			shellScript = "\"${SRCROOT}/Pods/Target Support Files/Pods-UnitedVision/Pods-UnitedVision-frameworks.sh\"\n";
			showEnvVarsInLog = 0;
		};
/* End PBXShellScriptBuildPhase section */

/* Begin PBXSourcesBuildPhase section */
		BA44A0DB202DF91200DE6130 /* Sources */ = {
			isa = PBXSourcesBuildPhase;
			buildActionMask = 2147483647;
			files = (
				B146C173206139E400BAF474 /* TractorFilterViewController.swift in Sources */,
				B12DA933206E9A2700481787 /* InitialViewScreen.swift in Sources */,
				B1DA02012080CA5700143B80 /* PopOverViewController.swift in Sources */,
				B18B3CB320722FA2002C241D /* SlideViewCell.swift in Sources */,
				BA5CE6092036EF3C00B14DB6 /* SideMenuTableCell.swift in Sources */,
				BA84A381204D6664004E1410 /* CheckboxTableCell.swift in Sources */,
				BA84A3972052F9B5004E1410 /* FilterSearchViewController.swift in Sources */,
				BA4D87A5204D40FE00FC78CA /* CardView.swift in Sources */,
				BA84A3952052D5F0004E1410 /* ContactInfo.swift in Sources */,
				BA84A38920518C3B004E1410 /* ContactViewController.swift in Sources */,
				B1A3F84520737A4F00A9D83B /* RegisterViewController.swift in Sources */,
				BA5CE60D203AF8E400B14DB6 /* iCarousel.m in Sources */,
				BA44A124202DF96E00DE6130 /* LoginViewController.swift in Sources */,
				BA44A118202DF96E00DE6130 /* Defines.swift in Sources */,
				BA44A11B202DF96E00DE6130 /* DataManager.swift in Sources */,
				BA84A37F204D6540004E1410 /* MapView.swift in Sources */,
				BA5CE6072036EBBF00B14DB6 /* UIViewController.swift in Sources */,
				BA5CE61A203D7E5000B14DB6 /* AutocompleteTableCell.swift in Sources */,
				BA84A38B20518F2E004E1410 /* ContactTableCell.swift in Sources */,
				BA44A127202DF96E00DE6130 /* TerminalDetailViewController.swift in Sources */,
				BA44A121202DF96E00DE6130 /* BaseViewController.swift in Sources */,
				B1EA42BB207F7304001147E9 /* TerminalTableCell.swift in Sources */,
				BA44A11C202DF96E00DE6130 /* LocationManager.swift in Sources */,
				BA4D879B204BBEA600FC78CA /* TractorTableCell.swift in Sources */,
				BA44A11A202DF96E00DE6130 /* LoadingView.swift in Sources */,
				BA44A119202DF96E00DE6130 /* AccordionTableCell.swift in Sources */,
				1405D6612059C7D000A8B0CA /* TrailerInfo.swift in Sources */,
				BA44A120202DF96E00DE6130 /* UIUtils.swift in Sources */,
				BA5CE618203C282A00B14DB6 /* String.swift in Sources */,
				BA4D87992046FB7A00FC78CA /* UISegmentedControl.swift in Sources */,
				BA84A385204E916B004E1410 /* AppPrefData.swift in Sources */,
				BA84A37D204D6066004E1410 /* FilterPopupViewController.swift in Sources */,
				BA4D879F204D1CD700FC78CA /* AccordionHeaderView.swift in Sources */,
				BA84A387204E99C4004E1410 /* TractorSearchInfo.swift in Sources */,
				BA44A123202DF96E00DE6130 /* TractorViewController.swift in Sources */,
				BA44A117202DF96E00DE6130 /* AppDelegate.swift in Sources */,
				BA44A11D202DF96E00DE6130 /* LocationInfo.swift in Sources */,
				B11138FE206CD306009D45ED /* TitleView.swift in Sources */,
				BA44A11E202DF96E00DE6130 /* TractorInfo.swift in Sources */,
				BA44A11F202DF96E00DE6130 /* WebServiceManager.swift in Sources */,
				BA44A125202DF96E00DE6130 /* TerminalSearchViewController.swift in Sources */,
				BA5CE6042036E7BF00B14DB6 /* SideMenuViewController.swift in Sources */,
				BA44A126202DF96E00DE6130 /* HomeViewController.swift in Sources */,
			);
			runOnlyForDeploymentPostprocessing = 0;
		};
/* End PBXSourcesBuildPhase section */

/* Begin PBXVariantGroup section */
		BA44A0E6202DF91200DE6130 /* Main.storyboard */ = {
			isa = PBXVariantGroup;
			children = (
				BA44A0E7202DF91200DE6130 /* Base */,
			);
			name = Main.storyboard;
			sourceTree = "<group>";
		};
		BA44A0EB202DF91200DE6130 /* LaunchScreen.storyboard */ = {
			isa = PBXVariantGroup;
			children = (
				BA44A0EC202DF91200DE6130 /* Base */,
			);
			name = LaunchScreen.storyboard;
			sourceTree = "<group>";
		};
/* End PBXVariantGroup section */

/* Begin XCBuildConfiguration section */
		BA44A0EF202DF91200DE6130 /* Debug */ = {
			isa = XCBuildConfiguration;
			buildSettings = {
				ALWAYS_SEARCH_USER_PATHS = NO;
				CLANG_ANALYZER_NONNULL = YES;
				CLANG_ANALYZER_NUMBER_OBJECT_CONVERSION = YES_AGGRESSIVE;
				CLANG_CXX_LANGUAGE_STANDARD = "gnu++14";
				CLANG_CXX_LIBRARY = "libc++";
				CLANG_ENABLE_MODULES = YES;
				CLANG_ENABLE_OBJC_ARC = YES;
				CLANG_WARN_BLOCK_CAPTURE_AUTORELEASING = YES;
				CLANG_WARN_BOOL_CONVERSION = YES;
				CLANG_WARN_COMMA = YES;
				CLANG_WARN_CONSTANT_CONVERSION = YES;
				CLANG_WARN_DIRECT_OBJC_ISA_USAGE = YES_ERROR;
				CLANG_WARN_DOCUMENTATION_COMMENTS = YES;
				CLANG_WARN_EMPTY_BODY = YES;
				CLANG_WARN_ENUM_CONVERSION = YES;
				CLANG_WARN_INFINITE_RECURSION = YES;
				CLANG_WARN_INT_CONVERSION = YES;
				CLANG_WARN_NON_LITERAL_NULL_CONVERSION = YES;
				CLANG_WARN_OBJC_LITERAL_CONVERSION = YES;
				CLANG_WARN_OBJC_ROOT_CLASS = YES_ERROR;
				CLANG_WARN_RANGE_LOOP_ANALYSIS = YES;
				CLANG_WARN_STRICT_PROTOTYPES = YES;
				CLANG_WARN_SUSPICIOUS_MOVE = YES;
				CLANG_WARN_UNGUARDED_AVAILABILITY = YES_AGGRESSIVE;
				CLANG_WARN_UNREACHABLE_CODE = YES;
				CLANG_WARN__DUPLICATE_METHOD_MATCH = YES;
				CODE_SIGN_IDENTITY = "iPhone Developer";
				COPY_PHASE_STRIP = NO;
				DEBUG_INFORMATION_FORMAT = dwarf;
				ENABLE_STRICT_OBJC_MSGSEND = YES;
				ENABLE_TESTABILITY = YES;
				GCC_C_LANGUAGE_STANDARD = gnu11;
				GCC_DYNAMIC_NO_PIC = NO;
				GCC_NO_COMMON_BLOCKS = YES;
				GCC_OPTIMIZATION_LEVEL = 0;
				GCC_PREPROCESSOR_DEFINITIONS = (
					"DEBUG=1",
					"$(inherited)",
				);
				GCC_WARN_64_TO_32_BIT_CONVERSION = YES;
				GCC_WARN_ABOUT_RETURN_TYPE = YES_ERROR;
				GCC_WARN_UNDECLARED_SELECTOR = YES;
				GCC_WARN_UNINITIALIZED_AUTOS = YES_AGGRESSIVE;
				GCC_WARN_UNUSED_FUNCTION = YES;
				GCC_WARN_UNUSED_VARIABLE = YES;
				IPHONEOS_DEPLOYMENT_TARGET = 11.2;
				MTL_ENABLE_DEBUG_INFO = YES;
				ONLY_ACTIVE_ARCH = YES;
				SDKROOT = iphoneos;
				SWIFT_ACTIVE_COMPILATION_CONDITIONS = DEBUG;
				SWIFT_OPTIMIZATION_LEVEL = "-Onone";
			};
			name = Debug;
		};
		BA44A0F0202DF91200DE6130 /* Release */ = {
			isa = XCBuildConfiguration;
			buildSettings = {
				ALWAYS_SEARCH_USER_PATHS = NO;
				CLANG_ANALYZER_NONNULL = YES;
				CLANG_ANALYZER_NUMBER_OBJECT_CONVERSION = YES_AGGRESSIVE;
				CLANG_CXX_LANGUAGE_STANDARD = "gnu++14";
				CLANG_CXX_LIBRARY = "libc++";
				CLANG_ENABLE_MODULES = YES;
				CLANG_ENABLE_OBJC_ARC = YES;
				CLANG_WARN_BLOCK_CAPTURE_AUTORELEASING = YES;
				CLANG_WARN_BOOL_CONVERSION = YES;
				CLANG_WARN_COMMA = YES;
				CLANG_WARN_CONSTANT_CONVERSION = YES;
				CLANG_WARN_DIRECT_OBJC_ISA_USAGE = YES_ERROR;
				CLANG_WARN_DOCUMENTATION_COMMENTS = YES;
				CLANG_WARN_EMPTY_BODY = YES;
				CLANG_WARN_ENUM_CONVERSION = YES;
				CLANG_WARN_INFINITE_RECURSION = YES;
				CLANG_WARN_INT_CONVERSION = YES;
				CLANG_WARN_NON_LITERAL_NULL_CONVERSION = YES;
				CLANG_WARN_OBJC_LITERAL_CONVERSION = YES;
				CLANG_WARN_OBJC_ROOT_CLASS = YES_ERROR;
				CLANG_WARN_RANGE_LOOP_ANALYSIS = YES;
				CLANG_WARN_STRICT_PROTOTYPES = YES;
				CLANG_WARN_SUSPICIOUS_MOVE = YES;
				CLANG_WARN_UNGUARDED_AVAILABILITY = YES_AGGRESSIVE;
				CLANG_WARN_UNREACHABLE_CODE = YES;
				CLANG_WARN__DUPLICATE_METHOD_MATCH = YES;
				CODE_SIGN_IDENTITY = "iPhone Developer";
				COPY_PHASE_STRIP = NO;
				DEBUG_INFORMATION_FORMAT = "dwarf-with-dsym";
				ENABLE_NS_ASSERTIONS = NO;
				ENABLE_STRICT_OBJC_MSGSEND = YES;
				GCC_C_LANGUAGE_STANDARD = gnu11;
				GCC_NO_COMMON_BLOCKS = YES;
				GCC_WARN_64_TO_32_BIT_CONVERSION = YES;
				GCC_WARN_ABOUT_RETURN_TYPE = YES_ERROR;
				GCC_WARN_UNDECLARED_SELECTOR = YES;
				GCC_WARN_UNINITIALIZED_AUTOS = YES_AGGRESSIVE;
				GCC_WARN_UNUSED_FUNCTION = YES;
				GCC_WARN_UNUSED_VARIABLE = YES;
				IPHONEOS_DEPLOYMENT_TARGET = 11.2;
				MTL_ENABLE_DEBUG_INFO = NO;
				SDKROOT = iphoneos;
				SWIFT_OPTIMIZATION_LEVEL = "-Owholemodule";
				VALIDATE_PRODUCT = YES;
			};
			name = Release;
		};
		BA44A0F2202DF91200DE6130 /* Debug */ = {
			isa = XCBuildConfiguration;
			baseConfigurationReference = 231F842DF1EE3AC446A128CE /* Pods-UnitedVision.debug.xcconfig */;
			buildSettings = {
				ASSETCATALOG_COMPILER_APPICON_NAME = AppIcon;
				"CODE_SIGN_IDENTITY[sdk=iphoneos*]" = "iPhone Developer";
				CODE_SIGN_STYLE = Automatic;
				DEVELOPMENT_TEAM = "";
				INFOPLIST_FILE = UnitedVision/Info.plist;
				IPHONEOS_DEPLOYMENT_TARGET = 9.0;
				LD_RUNPATH_SEARCH_PATHS = "$(inherited) @executable_path/Frameworks";
				PRODUCT_BUNDLE_IDENTIFIER = com.uvlogistics.vision2020;
				PRODUCT_NAME = "$(TARGET_NAME)";
				PROVISIONING_PROFILE = "";
				PROVISIONING_PROFILE_SPECIFIER = "";
				SWIFT_OBJC_BRIDGING_HEADER = "$(SRCROOT)/UnitedVision/Classes/AppDelegate/UnitedVision-Bridging-Header.h";
				SWIFT_VERSION = 4.0;
				TARGETED_DEVICE_FAMILY = "1,2";
			};
			name = Debug;
		};
		BA44A0F3202DF91200DE6130 /* Release */ = {
			isa = XCBuildConfiguration;
			baseConfigurationReference = B32E5ADD18A8E0C9A7676579 /* Pods-UnitedVision.release.xcconfig */;
			buildSettings = {
				ASSETCATALOG_COMPILER_APPICON_NAME = AppIcon;
				"CODE_SIGN_IDENTITY[sdk=iphoneos*]" = "iPhone Developer";
				CODE_SIGN_STYLE = Automatic;
				DEVELOPMENT_TEAM = "";
				INFOPLIST_FILE = UnitedVision/Info.plist;
				IPHONEOS_DEPLOYMENT_TARGET = 9.0;
				LD_RUNPATH_SEARCH_PATHS = "$(inherited) @executable_path/Frameworks";
				PRODUCT_BUNDLE_IDENTIFIER = com.uvlogistics.vision2020;
				PRODUCT_NAME = "$(TARGET_NAME)";
				PROVISIONING_PROFILE = "";
				PROVISIONING_PROFILE_SPECIFIER = "";
				SWIFT_OBJC_BRIDGING_HEADER = "$(SRCROOT)/UnitedVision/Classes/AppDelegate/UnitedVision-Bridging-Header.h";
				SWIFT_VERSION = 4.0;
				TARGETED_DEVICE_FAMILY = "1,2";
			};
			name = Release;
		};
/* End XCBuildConfiguration section */

/* Begin XCConfigurationList section */
		BA44A0DA202DF91200DE6130 /* Build configuration list for PBXProject "UnitedVision" */ = {
			isa = XCConfigurationList;
			buildConfigurations = (
				BA44A0EF202DF91200DE6130 /* Debug */,
				BA44A0F0202DF91200DE6130 /* Release */,
			);
			defaultConfigurationIsVisible = 0;
			defaultConfigurationName = Release;
		};
		BA44A0F1202DF91200DE6130 /* Build configuration list for PBXNativeTarget "UnitedVision" */ = {
			isa = XCConfigurationList;
			buildConfigurations = (
				BA44A0F2202DF91200DE6130 /* Debug */,
				BA44A0F3202DF91200DE6130 /* Release */,
			);
			defaultConfigurationIsVisible = 0;
			defaultConfigurationName = Release;
		};
/* End XCConfigurationList section */
	};
	rootObject = BA44A0D7202DF91200DE6130 /* Project object */;
}
